
Microsoft Visual Studio Solution File, Format Version 12.00
# Visual Studio Version 17
VisualStudioVersion = 17.12.35728.132
MinimumVisualStudioVersion = 10.0.40219.1
Project("{2150E333-8FDC-42A3-9474-1A3956D46DE8}") = "Services", "Services", "{B2F7FC76-8FF1-49C9-B244-273DD5F02D42}"
EndProject
Project("{2150E333-8FDC-42A3-9474-1A3956D46DE8}") = "Catalog", "Catalog", "{ABDA2EAA-2AA7-4D56-B208-BEC6F6D2C5BF}"
EndProject
Project("{FAE04EC0-301F-11D3-BF4B-00C04F79EFBC}") = "Catalog.API", "Services\Catalog\Catalog.API\Catalog.API.csproj", "{6D4D032B-70B2-495F-9D40-916532D6AEF6}"
EndProject
Project("{2150E333-8FDC-42A3-9474-1A3956D46DE8}") = "BuildingBlocks", "BuildingBlocks", "{205DBF1E-D3C1-4C13-B7B0-84667660D2FF}"
EndProject
Project("{FAE04EC0-301F-11D3-BF4B-00C04F79EFBC}") = "BuildingBlocks", "BuildingBlocks\BuildingBlocks\BuildingBlocks.csproj", "{6213C288-D00A-47A7-8356-E871B42A1C87}"
EndProject
Project("{E53339B2-1760-4266-BCC7-CA923CBCF16C}") = "docker-compose", "docker-compose.dcproj", "{F1CF6298-5128-4BE6-861E-B1C7A13D4D59}"
EndProject
Project("{2150E333-8FDC-42A3-9474-1A3956D46DE8}") = "Basket", "Basket", "{B2F33888-5159-4806-83CF-03C93EB87A67}"
EndProject
Project("{FAE04EC0-301F-11D3-BF4B-00C04F79EFBC}") = "Basket.API", "Services\Basket\Basket.API\Basket.API.csproj", "{C79C8FD4-C9D9-48BE-B246-F51A859D2ED3}"
EndProject
Project("{2150E333-8FDC-42A3-9474-1A3956D46DE8}") = "Discount", "Discount", "{400417CA-3380-4435-AA67-55E3422BA5E2}"
EndProject
Project("{FAE04EC0-301F-11D3-BF4B-00C04F79EFBC}") = "Discount.Grpc", "Services\Discount\Discount.Grpc\Discount.Grpc.csproj", "{3B3157E3-F293-40E1-97C1-E004895491F9}"
EndProject
Global
	GlobalSection(SolutionConfigurationPlatforms) = preSolution
		Debug|Any CPU = Debug|Any CPU
		Release|Any CPU = Release|Any CPU
	EndGlobalSection
	GlobalSection(ProjectConfigurationPlatforms) = postSolution
		{6D4D032B-70B2-495F-9D40-916532D6AEF6}.Debug|Any CPU.ActiveCfg = Debug|Any CPU
		{6D4D032B-70B2-495F-9D40-916532D6AEF6}.Debug|Any CPU.Build.0 = Debug|Any CPU
		{6D4D032B-70B2-495F-9D40-916532D6AEF6}.Release|Any CPU.ActiveCfg = Release|Any CPU
		{6D4D032B-70B2-495F-9D40-916532D6AEF6}.Release|Any CPU.Build.0 = Release|Any CPU
		{6213C288-D00A-47A7-8356-E871B42A1C87}.Debug|Any CPU.ActiveCfg = Debug|Any CPU
		{6213C288-D00A-47A7-8356-E871B42A1C87}.Debug|Any CPU.Build.0 = Debug|Any CPU
		{6213C288-D00A-47A7-8356-E871B42A1C87}.Release|Any CPU.ActiveCfg = Release|Any CPU
		{6213C288-D00A-47A7-8356-E871B42A1C87}.Release|Any CPU.Build.0 = Release|Any CPU
		{F1CF6298-5128-4BE6-861E-B1C7A13D4D59}.Debug|Any CPU.ActiveCfg = Debug|Any CPU
		{F1CF6298-5128-4BE6-861E-B1C7A13D4D59}.Debug|Any CPU.Build.0 = Debug|Any CPU
		{F1CF6298-5128-4BE6-861E-B1C7A13D4D59}.Release|Any CPU.ActiveCfg = Release|Any CPU
		{F1CF6298-5128-4BE6-861E-B1C7A13D4D59}.Release|Any CPU.Build.0 = Release|Any CPU
		{C79C8FD4-C9D9-48BE-B246-F51A859D2ED3}.Debug|Any CPU.ActiveCfg = Debug|Any CPU
		{C79C8FD4-C9D9-48BE-B246-F51A859D2ED3}.Debug|Any CPU.Build.0 = Debug|Any CPU
		{C79C8FD4-C9D9-48BE-B246-F51A859D2ED3}.Release|Any CPU.ActiveCfg = Release|Any CPU
		{C79C8FD4-C9D9-48BE-B246-F51A859D2ED3}.Release|Any CPU.Build.0 = Release|Any CPU
		{3B3157E3-F293-40E1-97C1-E004895491F9}.Debug|Any CPU.ActiveCfg = Debug|Any CPU
		{3B3157E3-F293-40E1-97C1-E004895491F9}.Debug|Any CPU.Build.0 = Debug|Any CPU
		{3B3157E3-F293-40E1-97C1-E004895491F9}.Release|Any CPU.ActiveCfg = Release|Any CPU
		{3B3157E3-F293-40E1-97C1-E004895491F9}.Release|Any CPU.Build.0 = Release|Any CPU
	EndGlobalSection
	GlobalSection(SolutionProperties) = preSolution
		HideSolutionNode = FALSE
	EndGlobalSection
	GlobalSection(NestedProjects) = preSolution
		{ABDA2EAA-2AA7-4D56-B208-BEC6F6D2C5BF} = {B2F7FC76-8FF1-49C9-B244-273DD5F02D42}
		{6D4D032B-70B2-495F-9D40-916532D6AEF6} = {ABDA2EAA-2AA7-4D56-B208-BEC6F6D2C5BF}
		{6213C288-D00A-47A7-8356-E871B42A1C87} = {205DBF1E-D3C1-4C13-B7B0-84667660D2FF}
		{B2F33888-5159-4806-83CF-03C93EB87A67} = {B2F7FC76-8FF1-49C9-B244-273DD5F02D42}
		{C79C8FD4-C9D9-48BE-B246-F51A859D2ED3} = {B2F33888-5159-4806-83CF-03C93EB87A67}
		{400417CA-3380-4435-AA67-55E3422BA5E2} = {B2F7FC76-8FF1-49C9-B244-273DD5F02D42}
		{3B3157E3-F293-40E1-97C1-E004895491F9} = {400417CA-3380-4435-AA67-55E3422BA5E2}
	EndGlobalSection
EndGlobal
